
Microsoft Visual Studio Solution File, Format Version 12.00
# Visual Studio Version 16
VisualStudioVersion = 16.0.31005.135
MinimumVisualStudioVersion = 10.0.40219.1
Project("{9A19103F-16F7-4668-BE54-9A1E7A4F7556}") = "Codecool.HackerNewsClient", "Codecool.HackerNewsClient.csproj", "{939F387A-C50C-413F-94D2-0FECABF31809}"
EndProject
Global
	GlobalSection(SolutionConfigurationPlatforms) = preSolution
		Debug|Any CPU = Debug|Any CPU
		Release|Any CPU = Release|Any CPU
	EndGlobalSection
	GlobalSection(ProjectConfigurationPlatforms) = postSolution
		{939F387A-C50C-413F-94D2-0FECABF31809}.Debug|Any CPU.ActiveCfg = Debug|Any CPU
		{939F387A-C50C-413F-94D2-0FECABF31809}.Debug|Any CPU.Build.0 = Debug|Any CPU
		{939F387A-C50C-413F-94D2-0FECABF31809}.Release|Any CPU.ActiveCfg = Release|Any CPU
		{939F387A-C50C-413F-94D2-0FECABF31809}.Release|Any CPU.Build.0 = Release|Any CPU
	EndGlobalSection
	GlobalSection(SolutionProperties) = preSolution
		HideSolutionNode = FALSE
	EndGlobalSection
	GlobalSection(ExtensibilityGlobals) = postSolution
		SolutionGuid = {5F128E2C-1168-4C38-85CB-BDBB05930CB1}
	EndGlobalSection
EndGlobal
